{
  "name": "efeito-tunel-letras",
  "version": "2.0.0",
  "lockfileVersion": 3,
  "requires": true,
  "packages": {
    "": {
      "name": "efeito-tunel-letras",
      "version": "2.0.0",
      "license": "MIT",
      "dependencies": {
        "@react-three/drei": "^9.122.0",
        "@react-three/fiber": "^8.18.0",
        "@remotion/cli": "^4.0.460",
        "@remotion/three": "^4.0.460",
        "react": "^18.3.1",
        "react-dom": "^18.3.1",
        "remotion": "^4.0.460",
        "three": "^0.171.0"
      },
      "devDependencies": {
        "@types/react": "^18.3.12",
        "@types/react-dom": "^18.3.1",
        "typescript": "^5.7.2"
      },
      "engines": {
        "node": ">=20.0.0",
        "npm": ">=10.0.0"
      }
    }
  }
}
